
Microsoft Visual Studio Solution File, Format Version 12.00
# Visual Studio Version 16
VisualStudioVersion = 16.0.29424.173
MinimumVisualStudioVersion = 10.0.40219.1
Project("{FAE04EC0-301F-11D3-BF4B-00C04F79EFBC}") = "uber-net", "uber-net\uber-net.csproj", "{F3C55120-00E4-4332-8256-E0589A84AFB1}"
EndProject
Global
	GlobalSection(SolutionConfigurationPlatforms) = preSolution
		Debug|Any CPU = Debug|Any CPU
		Release|Any CPU = Release|Any CPU
	EndGlobalSection
	GlobalSection(ProjectConfigurationPlatforms) = postSolution
		{F3C55120-00E4-4332-8256-E0589A84AFB1}.Debug|Any CPU.ActiveCfg = Debug|Any CPU
		{F3C55120-00E4-4332-8256-E0589A84AFB1}.Debug|Any CPU.Build.0 = Debug|Any CPU
		{F3C55120-00E4-4332-8256-E0589A84AFB1}.Release|Any CPU.ActiveCfg = Release|Any CPU
		{F3C55120-00E4-4332-8256-E0589A84AFB1}.Release|Any CPU.Build.0 = Release|Any CPU
	EndGlobalSection
	GlobalSection(SolutionProperties) = preSolution
		HideSolutionNode = FALSE
	EndGlobalSection
	GlobalSection(ExtensibilityGlobals) = postSolution
		SolutionGuid = {3AA9A2D4-2187-4C84-B3D4-0BB2C2C8BCEC}
	EndGlobalSection
EndGlobal
